
Microsoft Visual Studio Solution File, Format Version 12.00
# Visual Studio Version 16
VisualStudioVersion = 16.0.31129.286
MinimumVisualStudioVersion = 10.0.40219.1
Project("{FAE04EC0-301F-11D3-BF4B-00C04F79EFBC}") = "THOR-T-Csharpe-UDP", "THOR-T-Csharpe-UDP.csproj", "{28980AFF-371C-436F-B368-7B01D5A71C98}"
EndProject
Global
	GlobalSection(SolutionConfigurationPlatforms) = preSolution
		Debug|Any CPU = Debug|Any CPU
		Release|Any CPU = Release|Any CPU
	EndGlobalSection
	GlobalSection(ProjectConfigurationPlatforms) = postSolution
		{28980AFF-371C-436F-B368-7B01D5A71C98}.Debug|Any CPU.ActiveCfg = Debug|Any CPU
		{28980AFF-371C-436F-B368-7B01D5A71C98}.Debug|Any CPU.Build.0 = Debug|Any CPU
		{28980AFF-371C-436F-B368-7B01D5A71C98}.Release|Any CPU.ActiveCfg = Release|Any CPU
		{28980AFF-371C-436F-B368-7B01D5A71C98}.Release|Any CPU.Build.0 = Release|Any CPU
	EndGlobalSection
	GlobalSection(SolutionProperties) = preSolution
		HideSolutionNode = FALSE
	EndGlobalSection
	GlobalSection(ExtensibilityGlobals) = postSolution
		SolutionGuid = {1B588CB2-B441-44A4-AE73-4D385495A377}
	EndGlobalSection
EndGlobal
